
Microsoft Visual Studio Solution File, Format Version 12.00
# Visual Studio Version 17
VisualStudioVersion = 17.5.33530.505
MinimumVisualStudioVersion = 10.0.40219.1
Project("{9A19103F-16F7-4668-BE54-9A1E7A4F7556}") = "SixBAssessmentTSlatter.Server", "SixBAssessmentTSlatter\Server\SixBAssessmentTSlatter.Server.csproj", "{4657A163-DC04-4B65-89D7-7EA21B970758}"
EndProject
Project("{9A19103F-16F7-4668-BE54-9A1E7A4F7556}") = "SixBAssessmentTSlatter.Client", "SixBAssessmentTSlatter\Client\SixBAssessmentTSlatter.Client.csproj", "{8E17C4AF-4661-4201-A00E-6A3003285402}"
EndProject
Project("{9A19103F-16F7-4668-BE54-9A1E7A4F7556}") = "SixBAssessmentTSlatter.Shared", "SixBAssessmentTSlatter\Shared\SixBAssessmentTSlatter.Shared.csproj", "{63CD8E3E-EE76-46FB-95FD-6B3226E5498D}"
EndProject
Global
	GlobalSection(SolutionConfigurationPlatforms) = preSolution
		Debug|Any CPU = Debug|Any CPU
		Release|Any CPU = Release|Any CPU
	EndGlobalSection
	GlobalSection(ProjectConfigurationPlatforms) = postSolution
		{4657A163-DC04-4B65-89D7-7EA21B970758}.Debug|Any CPU.ActiveCfg = Debug|Any CPU
		{4657A163-DC04-4B65-89D7-7EA21B970758}.Debug|Any CPU.Build.0 = Debug|Any CPU
		{4657A163-DC04-4B65-89D7-7EA21B970758}.Release|Any CPU.ActiveCfg = Release|Any CPU
		{4657A163-DC04-4B65-89D7-7EA21B970758}.Release|Any CPU.Build.0 = Release|Any CPU
		{8E17C4AF-4661-4201-A00E-6A3003285402}.Debug|Any CPU.ActiveCfg = Debug|Any CPU
		{8E17C4AF-4661-4201-A00E-6A3003285402}.Debug|Any CPU.Build.0 = Debug|Any CPU
		{8E17C4AF-4661-4201-A00E-6A3003285402}.Release|Any CPU.ActiveCfg = Release|Any CPU
		{8E17C4AF-4661-4201-A00E-6A3003285402}.Release|Any CPU.Build.0 = Release|Any CPU
		{63CD8E3E-EE76-46FB-95FD-6B3226E5498D}.Debug|Any CPU.ActiveCfg = Debug|Any CPU
		{63CD8E3E-EE76-46FB-95FD-6B3226E5498D}.Debug|Any CPU.Build.0 = Debug|Any CPU
		{63CD8E3E-EE76-46FB-95FD-6B3226E5498D}.Release|Any CPU.ActiveCfg = Release|Any CPU
		{63CD8E3E-EE76-46FB-95FD-6B3226E5498D}.Release|Any CPU.Build.0 = Release|Any CPU
	EndGlobalSection
	GlobalSection(SolutionProperties) = preSolution
		HideSolutionNode = FALSE
	EndGlobalSection
	GlobalSection(ExtensibilityGlobals) = postSolution
		SolutionGuid = {FCC8237A-484E-4AE3-A404-FA4B3F98EF6B}
	EndGlobalSection
EndGlobal
